
Microsoft Visual Studio Solution File, Format Version 12.00
# Visual Studio Version 16
VisualStudioVersion = 16.0.31911.196
MinimumVisualStudioVersion = 10.0.40219.1
Project("{9A19103F-16F7-4668-BE54-9A1E7A4F7556}") = "NumberValidators", "NumberValidators\NumberValidators.csproj", "{26FF2557-EA50-4045-B040-076082FD7F45}"
EndProject
Project("{9A19103F-16F7-4668-BE54-9A1E7A4F7556}") = "NumberValidators.TestConsole", "NumberValidators.TestConsole\NumberValidators.TestConsole.csproj", "{FD3DFF39-FA12-457D-9BD4-63C3BD04246A}"
EndProject
Project("{FAE04EC0-301F-11D3-BF4B-00C04F79EFBC}") = "NumberValidators.Tests", "NumberValidators.Tests\NumberValidators.Tests.csproj", "{49B15718-7C19-4CB8-9C26-348CD86CEFB5}"
EndProject
Project("{2150E333-8FDC-42A3-9474-1A3956D46DE8}") = "tests", "tests", "{E19AE3B9-2842-4533-AB21-E1EA377C9194}"
EndProject
Project("{2150E333-8FDC-42A3-9474-1A3956D46DE8}") = "samples", "samples", "{9E3F46DD-FC94-4319-BA11-2D562E9F9C74}"
EndProject
Global
	GlobalSection(SolutionConfigurationPlatforms) = preSolution
		Debug|Any CPU = Debug|Any CPU
		Release|Any CPU = Release|Any CPU
	EndGlobalSection
	GlobalSection(ProjectConfigurationPlatforms) = postSolution
		{26FF2557-EA50-4045-B040-076082FD7F45}.Debug|Any CPU.ActiveCfg = Debug|Any CPU
		{26FF2557-EA50-4045-B040-076082FD7F45}.Debug|Any CPU.Build.0 = Debug|Any CPU
		{26FF2557-EA50-4045-B040-076082FD7F45}.Release|Any CPU.ActiveCfg = Release|Any CPU
		{26FF2557-EA50-4045-B040-076082FD7F45}.Release|Any CPU.Build.0 = Release|Any CPU
		{FD3DFF39-FA12-457D-9BD4-63C3BD04246A}.Debug|Any CPU.ActiveCfg = Debug|Any CPU
		{FD3DFF39-FA12-457D-9BD4-63C3BD04246A}.Debug|Any CPU.Build.0 = Debug|Any CPU
		{FD3DFF39-FA12-457D-9BD4-63C3BD04246A}.Release|Any CPU.ActiveCfg = Release|Any CPU
		{FD3DFF39-FA12-457D-9BD4-63C3BD04246A}.Release|Any CPU.Build.0 = Release|Any CPU
		{49B15718-7C19-4CB8-9C26-348CD86CEFB5}.Debug|Any CPU.ActiveCfg = Debug|Any CPU
		{49B15718-7C19-4CB8-9C26-348CD86CEFB5}.Debug|Any CPU.Build.0 = Debug|Any CPU
		{49B15718-7C19-4CB8-9C26-348CD86CEFB5}.Release|Any CPU.ActiveCfg = Release|Any CPU
		{49B15718-7C19-4CB8-9C26-348CD86CEFB5}.Release|Any CPU.Build.0 = Release|Any CPU
	EndGlobalSection
	GlobalSection(SolutionProperties) = preSolution
		HideSolutionNode = FALSE
	EndGlobalSection
	GlobalSection(NestedProjects) = preSolution
		{FD3DFF39-FA12-457D-9BD4-63C3BD04246A} = {9E3F46DD-FC94-4319-BA11-2D562E9F9C74}
		{49B15718-7C19-4CB8-9C26-348CD86CEFB5} = {E19AE3B9-2842-4533-AB21-E1EA377C9194}
	EndGlobalSection
	GlobalSection(ExtensibilityGlobals) = postSolution
		SolutionGuid = {9105D3CF-EB3C-4819-B25E-5B075D2D721A}
	EndGlobalSection
EndGlobal
